
Microsoft Visual Studio Solution File, Format Version 12.00
# Visual Studio Version 16
VisualStudioVersion = 16.0.30002.166
MinimumVisualStudioVersion = 10.0.40219.1
Project("{FAE04EC0-301F-11D3-BF4B-00C04F79EFBC}") = "AzureSignalR", "AzureSignalR\AzureSignalR.csproj", "{6491F400-B2D1-4222-9CED-95B5FF74FCE9}"
EndProject
Global
	GlobalSection(SolutionConfigurationPlatforms) = preSolution
		Debug|Any CPU = Debug|Any CPU
		Release|Any CPU = Release|Any CPU
	EndGlobalSection
	GlobalSection(ProjectConfigurationPlatforms) = postSolution
		{6491F400-B2D1-4222-9CED-95B5FF74FCE9}.Debug|Any CPU.ActiveCfg = Debug|Any CPU
		{6491F400-B2D1-4222-9CED-95B5FF74FCE9}.Debug|Any CPU.Build.0 = Debug|Any CPU
		{6491F400-B2D1-4222-9CED-95B5FF74FCE9}.Release|Any CPU.ActiveCfg = Release|Any CPU
		{6491F400-B2D1-4222-9CED-95B5FF74FCE9}.Release|Any CPU.Build.0 = Release|Any CPU
	EndGlobalSection
	GlobalSection(SolutionProperties) = preSolution
		HideSolutionNode = FALSE
	EndGlobalSection
	GlobalSection(ExtensibilityGlobals) = postSolution
		SolutionGuid = {F33707B0-ACE5-492B-BB4B-577DE32A6C08}
	EndGlobalSection
EndGlobal
